
Microsoft Visual Studio Solution File, Format Version 12.00
# Visual Studio 2013
VisualStudioVersion = 12.0.21005.1
MinimumVisualStudioVersion = 10.0.40219.1
Project("{FAE04EC0-301F-11D3-BF4B-00C04F79EFBC}") = "toolstrackingsystem", "toolstrackingsystem\toolstrackingsystem.csproj", "{B8FE7AEF-2663-410A-98F4-E08FDF7DC98B}"
EndProject
Project("{2150E333-8FDC-42A3-9474-1A3956D46DE8}") = "Model", "Model", "{4C26991A-4E58-49AD-8B85-98E91C226A85}"
EndProject
Project("{FAE04EC0-301F-11D3-BF4B-00C04F79EFBC}") = "dbentity.toolstrackingsystem", "dbentity.toolstrackingsystem\dbentity.toolstrackingsystem.csproj", "{B6F7AD4B-F315-49AC-AAD4-74EBFCF183E5}"
EndProject
Project("{2150E333-8FDC-42A3-9474-1A3956D46DE8}") = "Dal", "Dal", "{2F8603B1-0876-41FF-BD43-3AD6E2133F56}"
EndProject
Project("{2150E333-8FDC-42A3-9474-1A3956D46DE8}") = "Application", "Application", "{DF470A09-AC8E-4AAB-BEE8-831C5F4D4DA4}"
EndProject
Project("{FAE04EC0-301F-11D3-BF4B-00C04F79EFBC}") = "sqlserver.toolstrackingsystem", "sqlserver.toolstrackingsystem\sqlserver.toolstrackingsystem.csproj", "{44574B87-D329-4EAE-907B-1F093A46E142}"
EndProject
Project("{FAE04EC0-301F-11D3-BF4B-00C04F79EFBC}") = "service.toolstrackingsystem", "service.toolstrackingsystem\service.toolstrackingsystem.csproj", "{AB3213BD-D0FC-45EE-BFAF-3CFDFAB10D2F}"
EndProject
Project("{FAE04EC0-301F-11D3-BF4B-00C04F79EFBC}") = "viewentity.toolstrackingsystem", "ViewEntity.toolstrackingsystem\viewentity.toolstrackingsystem.csproj", "{E8FD79DC-9E78-4280-98DA-44C8C31BA6DC}"
EndProject
Global
	GlobalSection(SolutionConfigurationPlatforms) = preSolution
		Debug|Any CPU = Debug|Any CPU
		Release|Any CPU = Release|Any CPU
	EndGlobalSection
	GlobalSection(ProjectConfigurationPlatforms) = postSolution
		{B8FE7AEF-2663-410A-98F4-E08FDF7DC98B}.Debug|Any CPU.ActiveCfg = Debug|Any CPU
		{B8FE7AEF-2663-410A-98F4-E08FDF7DC98B}.Debug|Any CPU.Build.0 = Debug|Any CPU
		{B8FE7AEF-2663-410A-98F4-E08FDF7DC98B}.Release|Any CPU.ActiveCfg = Release|Any CPU
		{B8FE7AEF-2663-410A-98F4-E08FDF7DC98B}.Release|Any CPU.Build.0 = Release|Any CPU
		{B6F7AD4B-F315-49AC-AAD4-74EBFCF183E5}.Debug|Any CPU.ActiveCfg = Debug|Any CPU
		{B6F7AD4B-F315-49AC-AAD4-74EBFCF183E5}.Debug|Any CPU.Build.0 = Debug|Any CPU
		{B6F7AD4B-F315-49AC-AAD4-74EBFCF183E5}.Release|Any CPU.ActiveCfg = Release|Any CPU
		{B6F7AD4B-F315-49AC-AAD4-74EBFCF183E5}.Release|Any CPU.Build.0 = Release|Any CPU
		{44574B87-D329-4EAE-907B-1F093A46E142}.Debug|Any CPU.ActiveCfg = Debug|Any CPU
		{44574B87-D329-4EAE-907B-1F093A46E142}.Debug|Any CPU.Build.0 = Debug|Any CPU
		{44574B87-D329-4EAE-907B-1F093A46E142}.Release|Any CPU.ActiveCfg = Release|Any CPU
		{44574B87-D329-4EAE-907B-1F093A46E142}.Release|Any CPU.Build.0 = Release|Any CPU
		{AB3213BD-D0FC-45EE-BFAF-3CFDFAB10D2F}.Debug|Any CPU.ActiveCfg = Debug|Any CPU
		{AB3213BD-D0FC-45EE-BFAF-3CFDFAB10D2F}.Debug|Any CPU.Build.0 = Debug|Any CPU
		{AB3213BD-D0FC-45EE-BFAF-3CFDFAB10D2F}.Release|Any CPU.ActiveCfg = Release|Any CPU
		{AB3213BD-D0FC-45EE-BFAF-3CFDFAB10D2F}.Release|Any CPU.Build.0 = Release|Any CPU
		{E8FD79DC-9E78-4280-98DA-44C8C31BA6DC}.Debug|Any CPU.ActiveCfg = Debug|Any CPU
		{E8FD79DC-9E78-4280-98DA-44C8C31BA6DC}.Debug|Any CPU.Build.0 = Debug|Any CPU
		{E8FD79DC-9E78-4280-98DA-44C8C31BA6DC}.Release|Any CPU.ActiveCfg = Release|Any CPU
		{E8FD79DC-9E78-4280-98DA-44C8C31BA6DC}.Release|Any CPU.Build.0 = Release|Any CPU
	EndGlobalSection
	GlobalSection(SolutionProperties) = preSolution
		HideSolutionNode = FALSE
	EndGlobalSection
	GlobalSection(NestedProjects) = preSolution
		{B6F7AD4B-F315-49AC-AAD4-74EBFCF183E5} = {4C26991A-4E58-49AD-8B85-98E91C226A85}
		{E8FD79DC-9E78-4280-98DA-44C8C31BA6DC} = {4C26991A-4E58-49AD-8B85-98E91C226A85}
		{44574B87-D329-4EAE-907B-1F093A46E142} = {2F8603B1-0876-41FF-BD43-3AD6E2133F56}
		{AB3213BD-D0FC-45EE-BFAF-3CFDFAB10D2F} = {DF470A09-AC8E-4AAB-BEE8-831C5F4D4DA4}
	EndGlobalSection
EndGlobal
